
Microsoft Visual Studio Solution File, Format Version 12.00
# Visual Studio Version 17
VisualStudioVersion = 17.9.34607.119
MinimumVisualStudioVersion = 10.0.40219.1
Project("{FAE04EC0-301F-11D3-BF4B-00C04F79EFBC}") = "sport_stat_hub", "sport_stat_hub\sport_stat_hub.csproj", "{5AA855FF-7BAB-4020-A4B3-DC727362EE95}"
EndProject
Global
	GlobalSection(SolutionConfigurationPlatforms) = preSolution
		Debug|Any CPU = Debug|Any CPU
		Release|Any CPU = Release|Any CPU
	EndGlobalSection
	GlobalSection(ProjectConfigurationPlatforms) = postSolution
		{5AA855FF-7BAB-4020-A4B3-DC727362EE95}.Debug|Any CPU.ActiveCfg = Debug|Any CPU
		{5AA855FF-7BAB-4020-A4B3-DC727362EE95}.Debug|Any CPU.Build.0 = Debug|Any CPU
		{5AA855FF-7BAB-4020-A4B3-DC727362EE95}.Release|Any CPU.ActiveCfg = Release|Any CPU
		{5AA855FF-7BAB-4020-A4B3-DC727362EE95}.Release|Any CPU.Build.0 = Release|Any CPU
	EndGlobalSection
	GlobalSection(SolutionProperties) = preSolution
		HideSolutionNode = FALSE
	EndGlobalSection
	GlobalSection(ExtensibilityGlobals) = postSolution
		SolutionGuid = {0A36612D-E739-42F1-B853-DE160091FCC8}
	EndGlobalSection
EndGlobal
